
Microsoft Visual Studio Solution File, Format Version 12.00
# Visual Studio 14
VisualStudioVersion = 14.0.25420.1
MinimumVisualStudioVersion = 10.0.40219.1
Project("{FAE04EC0-301F-11D3-BF4B-00C04F79EFBC}") = "CSharp_Tutorials", "CSharp_Tutorials\CSharp_Tutorials.csproj", "{A0EFE66C-F3B6-46E2-82C7-4D3E262ADFA6}"
EndProject
Project("{FAE04EC0-301F-11D3-BF4B-00C04F79EFBC}") = "CSharp_TutorialsTests", "CSharp_TutorialsTests\CSharp_TutorialsTests.csproj", "{69EF7750-035C-45EF-B7C1-5C44A08E79DD}"
EndProject
Global
	GlobalSection(SolutionConfigurationPlatforms) = preSolution
		Debug|Any CPU = Debug|Any CPU
		Release|Any CPU = Release|Any CPU
	EndGlobalSection
	GlobalSection(ProjectConfigurationPlatforms) = postSolution
		{A0EFE66C-F3B6-46E2-82C7-4D3E262ADFA6}.Debug|Any CPU.ActiveCfg = Debug|Any CPU
		{A0EFE66C-F3B6-46E2-82C7-4D3E262ADFA6}.Debug|Any CPU.Build.0 = Debug|Any CPU
		{A0EFE66C-F3B6-46E2-82C7-4D3E262ADFA6}.Release|Any CPU.ActiveCfg = Release|Any CPU
		{A0EFE66C-F3B6-46E2-82C7-4D3E262ADFA6}.Release|Any CPU.Build.0 = Release|Any CPU
		{69EF7750-035C-45EF-B7C1-5C44A08E79DD}.Debug|Any CPU.ActiveCfg = Debug|Any CPU
		{69EF7750-035C-45EF-B7C1-5C44A08E79DD}.Debug|Any CPU.Build.0 = Debug|Any CPU
		{69EF7750-035C-45EF-B7C1-5C44A08E79DD}.Release|Any CPU.ActiveCfg = Release|Any CPU
		{69EF7750-035C-45EF-B7C1-5C44A08E79DD}.Release|Any CPU.Build.0 = Release|Any CPU
	EndGlobalSection
	GlobalSection(SolutionProperties) = preSolution
		HideSolutionNode = FALSE
	EndGlobalSection
EndGlobal
